
Microsoft Visual Studio Solution File, Format Version 12.00
# Visual Studio Version 16
VisualStudioVersion = 16.0.31424.327
MinimumVisualStudioVersion = 10.0.40219.1
Project("{FAE04EC0-301F-11D3-BF4B-00C04F79EFBC}") = "DMS.MQ", "DMS.MQ\DMS.MQ.csproj", "{A54E6AFF-C095-4E5D-8C85-EC08CE4C8335}"
EndProject
Project("{9A19103F-16F7-4668-BE54-9A1E7A4F7556}") = "DMS.RabbitMQ", "DMS.RabbitMQ\DMS.RabbitMQ.csproj", "{6153764B-EAB4-43D0-92DF-90CDE24A286A}"
EndProject
Project("{9A19103F-16F7-4668-BE54-9A1E7A4F7556}") = "DMS.RabbitMQ.Client.Test", "DMS.RabbitMQ.Client.Test\DMS.RabbitMQ.Client.Test.csproj", "{DF2B981B-441F-455A-AE7F-6642F719141F}"
EndProject
Project("{9A19103F-16F7-4668-BE54-9A1E7A4F7556}") = "DMS.RabbitMQ.Service.Test", "DMS.RabbitMQ.Service.Test\DMS.RabbitMQ.Service.Test.csproj", "{C3E4F2CB-6745-4466-A10F-FFB031EE8FD0}"
EndProject
Project("{2150E333-8FDC-42A3-9474-1A3956D46DE8}") = "Samples", "Samples", "{EE79FE74-79E8-4FE5-B455-E3899CDDFC3F}"
EndProject
Global
	GlobalSection(SolutionConfigurationPlatforms) = preSolution
		Debug|Any CPU = Debug|Any CPU
		Release|Any CPU = Release|Any CPU
	EndGlobalSection
	GlobalSection(ProjectConfigurationPlatforms) = postSolution
		{A54E6AFF-C095-4E5D-8C85-EC08CE4C8335}.Debug|Any CPU.ActiveCfg = Debug|Any CPU
		{A54E6AFF-C095-4E5D-8C85-EC08CE4C8335}.Debug|Any CPU.Build.0 = Debug|Any CPU
		{A54E6AFF-C095-4E5D-8C85-EC08CE4C8335}.Release|Any CPU.ActiveCfg = Release|Any CPU
		{A54E6AFF-C095-4E5D-8C85-EC08CE4C8335}.Release|Any CPU.Build.0 = Release|Any CPU
		{6153764B-EAB4-43D0-92DF-90CDE24A286A}.Debug|Any CPU.ActiveCfg = Debug|Any CPU
		{6153764B-EAB4-43D0-92DF-90CDE24A286A}.Debug|Any CPU.Build.0 = Debug|Any CPU
		{6153764B-EAB4-43D0-92DF-90CDE24A286A}.Release|Any CPU.ActiveCfg = Release|Any CPU
		{6153764B-EAB4-43D0-92DF-90CDE24A286A}.Release|Any CPU.Build.0 = Release|Any CPU
		{DF2B981B-441F-455A-AE7F-6642F719141F}.Debug|Any CPU.ActiveCfg = Debug|Any CPU
		{DF2B981B-441F-455A-AE7F-6642F719141F}.Debug|Any CPU.Build.0 = Debug|Any CPU
		{DF2B981B-441F-455A-AE7F-6642F719141F}.Release|Any CPU.ActiveCfg = Release|Any CPU
		{DF2B981B-441F-455A-AE7F-6642F719141F}.Release|Any CPU.Build.0 = Release|Any CPU
		{C3E4F2CB-6745-4466-A10F-FFB031EE8FD0}.Debug|Any CPU.ActiveCfg = Debug|Any CPU
		{C3E4F2CB-6745-4466-A10F-FFB031EE8FD0}.Debug|Any CPU.Build.0 = Debug|Any CPU
		{C3E4F2CB-6745-4466-A10F-FFB031EE8FD0}.Release|Any CPU.ActiveCfg = Release|Any CPU
		{C3E4F2CB-6745-4466-A10F-FFB031EE8FD0}.Release|Any CPU.Build.0 = Release|Any CPU
	EndGlobalSection
	GlobalSection(SolutionProperties) = preSolution
		HideSolutionNode = FALSE
	EndGlobalSection
	GlobalSection(NestedProjects) = preSolution
		{A54E6AFF-C095-4E5D-8C85-EC08CE4C8335} = {EE79FE74-79E8-4FE5-B455-E3899CDDFC3F}
	EndGlobalSection
	GlobalSection(ExtensibilityGlobals) = postSolution
		SolutionGuid = {7757487F-B62F-4C47-BDA3-E8B5C607C37A}
	EndGlobalSection
EndGlobal
